<?xml version="1.0" encoding="utf-8"?>
<Project ToolsVersion="4.0" xmlns="http://schemas.microsoft.com/developer/msbuild/2003">
  <ItemGroup>
    <Filter Include="Source Files">
      <UniqueIdentifier>{4FC737F1-C7A5-4376-A066-2A32D752A2FF}</UniqueIdentifier>
      <Extensions>cpp;c;cc;cxx;def;odl;idl;hpj;bat;asm;asmx</Extensions>
    </Filter>
    <Filter Include="Header Files">
      <UniqueIdentifier>{93995380-89BD-4b04-88EB-625FBE52EBFB}</UniqueIdentifier>
      <Extensions>h;hh;hpp;hxx;hm;inl;inc;xsd</Extensions>
    </Filter>
    <Filter Include="Resource Files">
      <UniqueIdentifier>{67DA6AB6-F800-4c08-8B7A-83BB121AAD01}</UniqueIdentifier>
      <Extensions>rc;ico;cur;bmp;dlg;rc2;rct;bin;rgs;gif;jpg;jpeg;jpe;resx;tiff;tif;png;wav;mfcribbon-ms</Extensions>
    </Filter>
  </ItemGroup>
  <ItemGroup>
    <Text Include="ReadMe.txt" />
    <Text Include="LICENSE.txt" />
    <Text Include="ChangeLog.txt" />
  </ItemGroup>
  <ItemGroup>
    <ClInclude Include="DS Helper.h">
      <Filter>Header Files</Filter>
    </ClInclude>
    <ClInclude Include="DS HelperDlg.h">
      <Filter>Header Files</Filter>
    </ClInclude>
    <ClInclude Include="stdafx.h">
      <Filter>Header Files</Filter>
    </ClInclude>
    <ClInclude Include="targetver.h">
      <Filter>Header Files</Filter>
    </ClInclude>
    <ClInclude Include="Resource.h">
      <Filter>Header Files</Filter>
    </ClInclude>
    <ClInclude Include="EditPathesDlg.h">
      <Filter>Header Files</Filter>
    </ClInclude>
    <ClInclude Include="InputBox.h">
      <Filter>Header Files</Filter>
    </ClInclude>
    <ClInclude Include="Crypto.h">
      <Filter>Header Files</Filter>
    </ClInclude>
    <ClInclude Include="WebClient.h">
      <Filter>Header Files</Filter>
    </ClInclude>
    <ClInclude Include="DS HelperRegistry.h">
      <Filter>Header Files</Filter>
    </ClInclude>
    <ClInclude Include="DS HelperTypes.h">
      <Filter>Header Files</Filter>
    </ClInclude>
    <ClInclude Include="DS SynoFSDlg.h">
      <Filter>Header Files</Filter>
    </ClInclude>
    <ClInclude Include="CSafeCEdit.h">
      <Filter>Header Files</Filter>
    </ClInclude>
    <ClInclude Include="DS H_CListCtrl.h">
      <Filter>Header Files</Filter>
    </ClInclude>
  </ItemGroup>
  <ItemGroup>
    <ClCompile Include="DS Helper.cpp">
      <Filter>Source Files</Filter>
    </ClCompile>
    <ClCompile Include="DS HelperDlg.cpp">
      <Filter>Source Files</Filter>
    </ClCompile>
    <ClCompile Include="stdafx.cpp">
      <Filter>Source Files</Filter>
    </ClCompile>
    <ClCompile Include="EditPathesDlg.cpp">
      <Filter>Source Files</Filter>
    </ClCompile>
    <ClCompile Include="InputBox.cpp">
      <Filter>Source Files</Filter>
    </ClCompile>
    <ClCompile Include="Crypto.cpp">
      <Filter>Source Files</Filter>
    </ClCompile>
    <ClCompile Include="jsoncpp.cpp">
      <Filter>Source Files</Filter>
    </ClCompile>
    <ClCompile Include="WebClient.cpp">
      <Filter>Source Files</Filter>
    </ClCompile>
    <ClCompile Include="DS HelperRegistry.cpp">
      <Filter>Source Files</Filter>
    </ClCompile>
    <ClCompile Include="DS SynoFSDlg.cpp">
      <Filter>Source Files</Filter>
    </ClCompile>
    <ClCompile Include="CSafeCEdit.cpp">
      <Filter>Source Files</Filter>
    </ClCompile>
    <ClCompile Include="DS H_CListCtrl.cpp">
      <Filter>Source Files</Filter>
    </ClCompile>
  </ItemGroup>
  <ItemGroup>
    <ResourceCompile Include="DS Helper.rc">
      <Filter>Resource Files</Filter>
    </ResourceCompile>
  </ItemGroup>
  <ItemGroup>
    <Image Include="res\DS Helper.ico">
      <Filter>Resource Files</Filter>
    </Image>
    <Image Include="res\folder.ico">
      <Filter>Resource Files</Filter>
    </Image>
    <Image Include="res\Up.ico">
      <Filter>Resource Files</Filter>
    </Image>
    <Image Include="res\Down.ico">
      <Filter>Resource Files</Filter>
    </Image>
    <Image Include="res\download.ico">
      <Filter>Resource Files</Filter>
    </Image>
    <Image Include="res\empty.ico">
      <Filter>Resource Files</Filter>
    </Image>
    <Image Include="res\completed.ico">
      <Filter>Resource Files</Filter>
    </Image>
    <Image Include="res\pause.ico">
      <Filter>Resource Files</Filter>
    </Image>
    <Image Include="res\file.ico">
      <Filter>Resource Files</Filter>
    </Image>
    <Image Include="res\delete.bmp">
      <Filter>Resource Files</Filter>
    </Image>
    <Image Include="res\play.png">
      <Filter>Resource Files</Filter>
    </Image>
    <Image Include="res\pause.bmp">
      <Filter>Resource Files</Filter>
    </Image>
    <Image Include="res\play.bmp">
      <Filter>Resource Files</Filter>
    </Image>
    <Image Include="res\DS Helper.png">
      <Filter>Resource Files</Filter>
    </Image>
    <Image Include="res\play.ico">
      <Filter>Resource Files</Filter>
    </Image>
    <Image Include="res\delete.ico">
      <Filter>Resource Files</Filter>
    </Image>
    <Image Include="res\time.ico">
      <Filter>Resource Files</Filter>
    </Image>
  </ItemGroup>
  <ItemGroup>
    <None Include="res\DS Helper.rc2">
      <Filter>Resource Files</Filter>
    </None>
  </ItemGroup>
</Project>